
Microsoft Visual Studio Solution File, Format Version 12.00
# Visual Studio Version 16
VisualStudioVersion = 16.0.31729.503
MinimumVisualStudioVersion = 10.0.40219.1
Project("{2150E333-8FDC-42A3-9474-1A3956D46DE8}") = "Tests", "Tests", "{70670227-833D-4966-8E53-A6A5F7F8C83F}"
EndProject
Project("{2150E333-8FDC-42A3-9474-1A3956D46DE8}") = "Services", "Services", "{4E0FAB61-E8E0-4EF9-9008-5BC57E726F53}"
EndProject
Project("{2150E333-8FDC-42A3-9474-1A3956D46DE8}") = "Core", "Core", "{EFA410CE-A44B-46E6-8D28-763C9B6E9766}"
EndProject
Project("{2150E333-8FDC-42A3-9474-1A3956D46DE8}") = "Identidade", "Identidade", "{636A260B-1D63-4D2F-9B4A-8FE18B9EF267}"
EndProject
Project("{2150E333-8FDC-42A3-9474-1A3956D46DE8}") = "Gameficacao", "Gameficacao", "{B79828DF-94F9-4E85-94F1-213CC14B2522}"
EndProject
Project("{9A19103F-16F7-4668-BE54-9A1E7A4F7556}") = "LivrosAnimados.Identidade.Domain", "src\LivrosAnimados.Identidade.Domain\LivrosAnimados.Identidade.Domain.csproj", "{BCE148BC-38FB-4A82-8147-3D023D315C86}"
EndProject
Project("{9A19103F-16F7-4668-BE54-9A1E7A4F7556}") = "LivrosAnimados.Core", "src\LivrosAnimados.Core\LivrosAnimados.Core.csproj", "{01119707-4E62-4543-B3B4-34DB87D4678C}"
EndProject
Project("{FAE04EC0-301F-11D3-BF4B-00C04F79EFBC}") = "LivrosAnimados.Identidade.Repository", "src\LivrosAnimados.Identidade.Repository\LivrosAnimados.Identidade.Repository.csproj", "{340823B2-7DDC-4684-9254-DA3577751967}"
EndProject
Project("{FAE04EC0-301F-11D3-BF4B-00C04F79EFBC}") = "LivrosAnimados.Identidade.API", "LivrosAnimados.Identidade.API\LivrosAnimados.Identidade.API.csproj", "{565F271E-FBF3-44EA-BF1A-DD5906424197}"
EndProject
Project("{FAE04EC0-301F-11D3-BF4B-00C04F79EFBC}") = "LivrosAnimados.Identidade.CrossCutingIoC", "src\LivrosAnimados.Identidade.CrossCutingIoC\LivrosAnimados.Identidade.CrossCutingIoC.csproj", "{B0D2C83B-53C9-49E3-AF64-65B4E3F6DFEE}"
EndProject
Global
	GlobalSection(SolutionConfigurationPlatforms) = preSolution
		Debug|Any CPU = Debug|Any CPU
		Release|Any CPU = Release|Any CPU
	EndGlobalSection
	GlobalSection(ProjectConfigurationPlatforms) = postSolution
		{BCE148BC-38FB-4A82-8147-3D023D315C86}.Debug|Any CPU.ActiveCfg = Debug|Any CPU
		{BCE148BC-38FB-4A82-8147-3D023D315C86}.Debug|Any CPU.Build.0 = Debug|Any CPU
		{BCE148BC-38FB-4A82-8147-3D023D315C86}.Release|Any CPU.ActiveCfg = Release|Any CPU
		{BCE148BC-38FB-4A82-8147-3D023D315C86}.Release|Any CPU.Build.0 = Release|Any CPU
		{01119707-4E62-4543-B3B4-34DB87D4678C}.Debug|Any CPU.ActiveCfg = Debug|Any CPU
		{01119707-4E62-4543-B3B4-34DB87D4678C}.Debug|Any CPU.Build.0 = Debug|Any CPU
		{01119707-4E62-4543-B3B4-34DB87D4678C}.Release|Any CPU.ActiveCfg = Release|Any CPU
		{01119707-4E62-4543-B3B4-34DB87D4678C}.Release|Any CPU.Build.0 = Release|Any CPU
		{340823B2-7DDC-4684-9254-DA3577751967}.Debug|Any CPU.ActiveCfg = Debug|Any CPU
		{340823B2-7DDC-4684-9254-DA3577751967}.Debug|Any CPU.Build.0 = Debug|Any CPU
		{340823B2-7DDC-4684-9254-DA3577751967}.Release|Any CPU.ActiveCfg = Release|Any CPU
		{340823B2-7DDC-4684-9254-DA3577751967}.Release|Any CPU.Build.0 = Release|Any CPU
		{565F271E-FBF3-44EA-BF1A-DD5906424197}.Debug|Any CPU.ActiveCfg = Debug|Any CPU
		{565F271E-FBF3-44EA-BF1A-DD5906424197}.Debug|Any CPU.Build.0 = Debug|Any CPU
		{565F271E-FBF3-44EA-BF1A-DD5906424197}.Release|Any CPU.ActiveCfg = Release|Any CPU
		{565F271E-FBF3-44EA-BF1A-DD5906424197}.Release|Any CPU.Build.0 = Release|Any CPU
		{B0D2C83B-53C9-49E3-AF64-65B4E3F6DFEE}.Debug|Any CPU.ActiveCfg = Debug|Any CPU
		{B0D2C83B-53C9-49E3-AF64-65B4E3F6DFEE}.Debug|Any CPU.Build.0 = Debug|Any CPU
		{B0D2C83B-53C9-49E3-AF64-65B4E3F6DFEE}.Release|Any CPU.ActiveCfg = Release|Any CPU
		{B0D2C83B-53C9-49E3-AF64-65B4E3F6DFEE}.Release|Any CPU.Build.0 = Release|Any CPU
	EndGlobalSection
	GlobalSection(SolutionProperties) = preSolution
		HideSolutionNode = FALSE
	EndGlobalSection
	GlobalSection(NestedProjects) = preSolution
		{EFA410CE-A44B-46E6-8D28-763C9B6E9766} = {4E0FAB61-E8E0-4EF9-9008-5BC57E726F53}
		{636A260B-1D63-4D2F-9B4A-8FE18B9EF267} = {4E0FAB61-E8E0-4EF9-9008-5BC57E726F53}
		{B79828DF-94F9-4E85-94F1-213CC14B2522} = {4E0FAB61-E8E0-4EF9-9008-5BC57E726F53}
		{BCE148BC-38FB-4A82-8147-3D023D315C86} = {636A260B-1D63-4D2F-9B4A-8FE18B9EF267}
		{01119707-4E62-4543-B3B4-34DB87D4678C} = {EFA410CE-A44B-46E6-8D28-763C9B6E9766}
		{340823B2-7DDC-4684-9254-DA3577751967} = {636A260B-1D63-4D2F-9B4A-8FE18B9EF267}
		{565F271E-FBF3-44EA-BF1A-DD5906424197} = {636A260B-1D63-4D2F-9B4A-8FE18B9EF267}
		{B0D2C83B-53C9-49E3-AF64-65B4E3F6DFEE} = {636A260B-1D63-4D2F-9B4A-8FE18B9EF267}
	EndGlobalSection
	GlobalSection(ExtensibilityGlobals) = postSolution
		SolutionGuid = {02346F30-F895-45A2-AC12-FC3C76B652E8}
	EndGlobalSection
EndGlobal
